
Microsoft Visual Studio Solution File, Format Version 12.00
# Visual Studio Version 17
VisualStudioVersion = 17.0.31912.275
MinimumVisualStudioVersion = 10.0.40219.1
Project("{9A19103F-16F7-4668-BE54-9A1E7A4F7556}") = "BlankScreen2", "BlankScreen2\BlankScreen2.csproj", "{C05988DD-21C0-4B5D-8B2D-210BDB51BEFF}"
EndProject
Project("{FAE04EC0-301F-11D3-BF4B-00C04F79EFBC}") = "CoreAudioApi", "CoreAudioApi\CoreAudioApi.csproj", "{9F1076AA-63DF-4128-9C10-FD65E425C783}"
EndProject
Project("{9A19103F-16F7-4668-BE54-9A1E7A4F7556}") = "HVWpfScreenHelper", "HVWpfScreenHelper\HVWpfScreenHelper.csproj", "{D31C057C-F168-42CA-865E-C247EA357ADE}"
EndProject
Global
	GlobalSection(SolutionConfigurationPlatforms) = preSolution
		Debug|Any CPU = Debug|Any CPU
		Release|Any CPU = Release|Any CPU
	EndGlobalSection
	GlobalSection(ProjectConfigurationPlatforms) = postSolution
		{C05988DD-21C0-4B5D-8B2D-210BDB51BEFF}.Debug|Any CPU.ActiveCfg = Debug|Any CPU
		{C05988DD-21C0-4B5D-8B2D-210BDB51BEFF}.Debug|Any CPU.Build.0 = Debug|Any CPU
		{C05988DD-21C0-4B5D-8B2D-210BDB51BEFF}.Release|Any CPU.ActiveCfg = Release|Any CPU
		{C05988DD-21C0-4B5D-8B2D-210BDB51BEFF}.Release|Any CPU.Build.0 = Release|Any CPU
		{9F1076AA-63DF-4128-9C10-FD65E425C783}.Debug|Any CPU.ActiveCfg = Debug|Any CPU
		{9F1076AA-63DF-4128-9C10-FD65E425C783}.Debug|Any CPU.Build.0 = Debug|Any CPU
		{9F1076AA-63DF-4128-9C10-FD65E425C783}.Release|Any CPU.ActiveCfg = Release|Any CPU
		{9F1076AA-63DF-4128-9C10-FD65E425C783}.Release|Any CPU.Build.0 = Release|Any CPU
		{D31C057C-F168-42CA-865E-C247EA357ADE}.Debug|Any CPU.ActiveCfg = Debug|Any CPU
		{D31C057C-F168-42CA-865E-C247EA357ADE}.Debug|Any CPU.Build.0 = Debug|Any CPU
		{D31C057C-F168-42CA-865E-C247EA357ADE}.Release|Any CPU.ActiveCfg = Release|Any CPU
		{D31C057C-F168-42CA-865E-C247EA357ADE}.Release|Any CPU.Build.0 = Release|Any CPU
	EndGlobalSection
	GlobalSection(SolutionProperties) = preSolution
		HideSolutionNode = FALSE
	EndGlobalSection
	GlobalSection(ExtensibilityGlobals) = postSolution
		SolutionGuid = {67032CB9-F533-482B-A497-F09FB7724747}
	EndGlobalSection
EndGlobal
